%{
  "makeup": {:hex, :makeup, "1.1.0", "6b67c8bc2882a6b6a445859952a602afc1a41c2e08379ca057c0f525366fc3ca", [:mix], [{:nimble_parsec, "~> 1.2.2 or ~> 1.3", [hex: :nimble_parsec, repo: "hexpm", optional: false]}], "hexpm", "0a45ed501f4a8897f580eabf99a2e5234ea3e75a4373c8a52824f6e873be57a6"},
  "nimble_parsec": {:hex, :nimble_parsec, "1.2.2", "b99ca56bbce410e9d5ee4f9155a212e942e224e259c7ebbf8f2c86ac21d4fa3c", [:mix], [], "hexpm", "98d51bd64d5f6a2a9c6bb7586ee8129e27dfaab1140b5a4753f24dac0ba27d2f"},
}
