%{
  "makeup": {:hex, :makeup, "1.0.5", "d5a830bc42c9800ce07dd97fa94669dfb93d3bf5fcf6ea7a0c67b2e0e4a7f26c", [:mix], [{:nimble_parsec, "~> 0.5 or ~> 1.0", [hex: :nimble_parsec, repo: "hexpm", optional: false]}], "hexpm", "cfa158c02d3f5c0c665d0af11512fed3fba0144cf1aadee0f2ce17747fba2ca9"},
  "nimble_parsec": {:hex, :nimble_parsec, "1.2.1", "264fc6864936b59fedb3ceb89998c64e9bb91945faf1eb115d349b96913cc2ef", [:mix], [], "hexpm", "23c31d0ec38c97bf9adde35bc91bc8e1181ea5202881f48a192f4aa2d2cf4d59"},
}
